
Microsoft Visual Studio Solution File, Format Version 12.00
# Visual Studio Version 17
VisualStudioVersion = 17.14.36408.4
MinimumVisualStudioVersion = 10.0.40219.1
Project("{2150E333-8FDC-42A3-9474-1A3956D46DE8}") = "test", "test", "{02EA681E-C7D8-13C7-8484-4AC65E1B71E8}"
EndProject
Project("{2150E333-8FDC-42A3-9474-1A3956D46DE8}") = "src", "src", "{4D4085CE-871B-484C-834E-93CC587CF827}"
EndProject
Project("{FAE04EC0-301F-11D3-BF4B-00C04F79EFBC}") = "LeaveManagement.Domain", "LeaveManagement.Domain\LeaveManagement.Domain.csproj", "{1456B627-F859-4ADE-AEFF-E33CAF915E92}"
EndProject
Project("{FAE04EC0-301F-11D3-BF4B-00C04F79EFBC}") = "LeaveManagement.Application", "LeaveManagement.Application\LeaveManagement.Application.csproj", "{D17B5691-750C-42BE-98E1-467DA69CE564}"
EndProject
Project("{FAE04EC0-301F-11D3-BF4B-00C04F79EFBC}") = "LeaveManagement.API", "LeaveManagement.API\LeaveManagement.API.csproj", "{7EDE93EF-2222-48DA-952A-2FBA412548A2}"
EndProject
Project("{FAE04EC0-301F-11D3-BF4B-00C04F79EFBC}") = "LeaveManagement.Infrastracture", "LeaveManagement.Infrastracture\LeaveManagement.Infrastracture.csproj", "{6754138E-627D-4AA7-88B9-E1E49C09395C}"
EndProject
Global
	GlobalSection(SolutionConfigurationPlatforms) = preSolution
		Debug|Any CPU = Debug|Any CPU
		Release|Any CPU = Release|Any CPU
	EndGlobalSection
	GlobalSection(ProjectConfigurationPlatforms) = postSolution
		{1456B627-F859-4ADE-AEFF-E33CAF915E92}.Debug|Any CPU.ActiveCfg = Debug|Any CPU
		{1456B627-F859-4ADE-AEFF-E33CAF915E92}.Debug|Any CPU.Build.0 = Debug|Any CPU
		{1456B627-F859-4ADE-AEFF-E33CAF915E92}.Release|Any CPU.ActiveCfg = Release|Any CPU
		{1456B627-F859-4ADE-AEFF-E33CAF915E92}.Release|Any CPU.Build.0 = Release|Any CPU
		{D17B5691-750C-42BE-98E1-467DA69CE564}.Debug|Any CPU.ActiveCfg = Debug|Any CPU
		{D17B5691-750C-42BE-98E1-467DA69CE564}.Debug|Any CPU.Build.0 = Debug|Any CPU
		{D17B5691-750C-42BE-98E1-467DA69CE564}.Release|Any CPU.ActiveCfg = Release|Any CPU
		{D17B5691-750C-42BE-98E1-467DA69CE564}.Release|Any CPU.Build.0 = Release|Any CPU
		{7EDE93EF-2222-48DA-952A-2FBA412548A2}.Debug|Any CPU.ActiveCfg = Debug|Any CPU
		{7EDE93EF-2222-48DA-952A-2FBA412548A2}.Debug|Any CPU.Build.0 = Debug|Any CPU
		{7EDE93EF-2222-48DA-952A-2FBA412548A2}.Release|Any CPU.ActiveCfg = Release|Any CPU
		{7EDE93EF-2222-48DA-952A-2FBA412548A2}.Release|Any CPU.Build.0 = Release|Any CPU
		{6754138E-627D-4AA7-88B9-E1E49C09395C}.Debug|Any CPU.ActiveCfg = Debug|Any CPU
		{6754138E-627D-4AA7-88B9-E1E49C09395C}.Debug|Any CPU.Build.0 = Debug|Any CPU
		{6754138E-627D-4AA7-88B9-E1E49C09395C}.Release|Any CPU.ActiveCfg = Release|Any CPU
		{6754138E-627D-4AA7-88B9-E1E49C09395C}.Release|Any CPU.Build.0 = Release|Any CPU
	EndGlobalSection
	GlobalSection(SolutionProperties) = preSolution
		HideSolutionNode = FALSE
	EndGlobalSection
	GlobalSection(NestedProjects) = preSolution
		{1456B627-F859-4ADE-AEFF-E33CAF915E92} = {4D4085CE-871B-484C-834E-93CC587CF827}
		{D17B5691-750C-42BE-98E1-467DA69CE564} = {4D4085CE-871B-484C-834E-93CC587CF827}
		{7EDE93EF-2222-48DA-952A-2FBA412548A2} = {4D4085CE-871B-484C-834E-93CC587CF827}
		{6754138E-627D-4AA7-88B9-E1E49C09395C} = {4D4085CE-871B-484C-834E-93CC587CF827}
	EndGlobalSection
	GlobalSection(ExtensibilityGlobals) = postSolution
		SolutionGuid = {EA1DA414-81F6-488A-80A2-09AE09842172}
	EndGlobalSection
EndGlobal
